
Microsoft Visual Studio Solution File, Format Version 12.00
# Visual Studio 14
VisualStudioVersion = 14.0.25420.1
MinimumVisualStudioVersion = 10.0.40219.1
Project("{FAE04EC0-301F-11D3-BF4B-00C04F79EFBC}") = "TeamNote_Client", "TeamNote_Client\TeamNote_Client.csproj", "{DDAB419E-8315-495A-857C-AE7F47AC0297}"
EndProject
Project("{FAE04EC0-301F-11D3-BF4B-00C04F79EFBC}") = "TeamNote_Server", "TeamNote_Server\TeamNote_Server.csproj", "{6B368C16-9FF2-445A-BF19-420587172601}"
EndProject
Global
	GlobalSection(SolutionConfigurationPlatforms) = preSolution
		Debug|Any CPU = Debug|Any CPU
		Release|Any CPU = Release|Any CPU
	EndGlobalSection
	GlobalSection(ProjectConfigurationPlatforms) = postSolution
		{DDAB419E-8315-495A-857C-AE7F47AC0297}.Debug|Any CPU.ActiveCfg = Debug|Any CPU
		{DDAB419E-8315-495A-857C-AE7F47AC0297}.Debug|Any CPU.Build.0 = Debug|Any CPU
		{DDAB419E-8315-495A-857C-AE7F47AC0297}.Release|Any CPU.ActiveCfg = Release|Any CPU
		{DDAB419E-8315-495A-857C-AE7F47AC0297}.Release|Any CPU.Build.0 = Release|Any CPU
		{6B368C16-9FF2-445A-BF19-420587172601}.Debug|Any CPU.ActiveCfg = Debug|Any CPU
		{6B368C16-9FF2-445A-BF19-420587172601}.Debug|Any CPU.Build.0 = Debug|Any CPU
		{6B368C16-9FF2-445A-BF19-420587172601}.Release|Any CPU.ActiveCfg = Release|Any CPU
		{6B368C16-9FF2-445A-BF19-420587172601}.Release|Any CPU.Build.0 = Release|Any CPU
	EndGlobalSection
	GlobalSection(SolutionProperties) = preSolution
		HideSolutionNode = FALSE
	EndGlobalSection
EndGlobal
